{
	"name": "@ryancavanaugh/pkg1",
	"version": "3.0.2",
	"lockfileVersion": 1,
	"requires": true,
	"dependencies": {
		"typescript": {
			"version": "3.7.0-dev.20191001",
			"resolved": "https://registry.npmjs.org/typescript/-/typescript-3.7.0-dev.20191001.tgz",
			"integrity": "sha512-YdOWvt8quwpjVgVCNUr90E+5eu5u0FlFMHG3CFqhfwGTcSjPbyZYrLIsZoirZfsJOo+IhKe4xfGtxazepAy/pw==",
			"dev": true
		}
	}
}
